
Microsoft Visual Studio Solution File, Format Version 12.00
# Visual Studio Version 17
VisualStudioVersion = 17.11.35327.3
MinimumVisualStudioVersion = 10.0.40219.1
Project("{FAE04EC0-301F-11D3-BF4B-00C04F79EFBC}") = "ClassLibrary", "ClassLibrary\ClassLibrary.csproj", "{871896FD-5F4E-4925-A800-A9465CEECD04}"
EndProject
Project("{FAE04EC0-301F-11D3-BF4B-00C04F79EFBC}") = "TestProgram", "TestProgram\TestProgram.csproj", "{77C606D6-1E9E-4CFC-B32C-AAB49721C90F}"
EndProject
Global
	GlobalSection(SolutionConfigurationPlatforms) = preSolution
		Debug|Any CPU = Debug|Any CPU
		Release|Any CPU = Release|Any CPU
	EndGlobalSection
	GlobalSection(ProjectConfigurationPlatforms) = postSolution
		{871896FD-5F4E-4925-A800-A9465CEECD04}.Debug|Any CPU.ActiveCfg = Debug|Any CPU
		{871896FD-5F4E-4925-A800-A9465CEECD04}.Debug|Any CPU.Build.0 = Debug|Any CPU
		{871896FD-5F4E-4925-A800-A9465CEECD04}.Release|Any CPU.ActiveCfg = Release|Any CPU
		{871896FD-5F4E-4925-A800-A9465CEECD04}.Release|Any CPU.Build.0 = Release|Any CPU
		{77C606D6-1E9E-4CFC-B32C-AAB49721C90F}.Debug|Any CPU.ActiveCfg = Debug|Any CPU
		{77C606D6-1E9E-4CFC-B32C-AAB49721C90F}.Debug|Any CPU.Build.0 = Debug|Any CPU
		{77C606D6-1E9E-4CFC-B32C-AAB49721C90F}.Release|Any CPU.ActiveCfg = Release|Any CPU
		{77C606D6-1E9E-4CFC-B32C-AAB49721C90F}.Release|Any CPU.Build.0 = Release|Any CPU
	EndGlobalSection
	GlobalSection(SolutionProperties) = preSolution
		HideSolutionNode = FALSE
	EndGlobalSection
	GlobalSection(ExtensibilityGlobals) = postSolution
		SolutionGuid = {D91DF59D-9AD3-495F-8E12-D7E3D806CB4B}
	EndGlobalSection
EndGlobal
