
Microsoft Visual Studio Solution File, Format Version 12.00
# Visual Studio Version 17
VisualStudioVersion = 17.11.35327.3
MinimumVisualStudioVersion = 10.0.40219.1
Project("{FAE04EC0-301F-11D3-BF4B-00C04F79EFBC}") = "TestProgram", "TestProgram\TestProgram.csproj", "{0F2D000E-1357-4464-85FE-C27248169425}"
EndProject
Project("{FAE04EC0-301F-11D3-BF4B-00C04F79EFBC}") = "ClassLibrary", "ClassLibrary\ClassLibrary.csproj", "{882355CD-076D-4F4F-8164-4B95A638A49C}"
EndProject
Global
	GlobalSection(SolutionConfigurationPlatforms) = preSolution
		Debug|Any CPU = Debug|Any CPU
		Release|Any CPU = Release|Any CPU
	EndGlobalSection
	GlobalSection(ProjectConfigurationPlatforms) = postSolution
		{0F2D000E-1357-4464-85FE-C27248169425}.Debug|Any CPU.ActiveCfg = Debug|Any CPU
		{0F2D000E-1357-4464-85FE-C27248169425}.Debug|Any CPU.Build.0 = Debug|Any CPU
		{0F2D000E-1357-4464-85FE-C27248169425}.Release|Any CPU.ActiveCfg = Release|Any CPU
		{0F2D000E-1357-4464-85FE-C27248169425}.Release|Any CPU.Build.0 = Release|Any CPU
		{882355CD-076D-4F4F-8164-4B95A638A49C}.Debug|Any CPU.ActiveCfg = Debug|Any CPU
		{882355CD-076D-4F4F-8164-4B95A638A49C}.Debug|Any CPU.Build.0 = Debug|Any CPU
		{882355CD-076D-4F4F-8164-4B95A638A49C}.Release|Any CPU.ActiveCfg = Release|Any CPU
		{882355CD-076D-4F4F-8164-4B95A638A49C}.Release|Any CPU.Build.0 = Release|Any CPU
	EndGlobalSection
	GlobalSection(SolutionProperties) = preSolution
		HideSolutionNode = FALSE
	EndGlobalSection
	GlobalSection(ExtensibilityGlobals) = postSolution
		SolutionGuid = {9F0E7624-74F3-4727-A7EF-DB1CE47776CE}
	EndGlobalSection
EndGlobal
